{
  "lockfileVersion": 1,
  "configVersion": 1,
  "workspaces": {
    "": {
      "name": "adcelerate-post-board",
      "dependencies": {
        "hono": "^4.12.25",
        "moveable": "^0.53.0",
        "pdf-lib": "^1.17.1",
        "playwright": "^1.60.0",
        "selecto": "^1.26.3",
        "zod": "^4.4.3",
      },
      "devDependencies": {
        "@biomejs/biome": "^1.9.0",
        "@types/bun": "latest",
        "typescript": "^5.7.0",
      },
    },
  },
  "packages": {
    "@biomejs/biome": ["@biomejs/biome@1.9.4", "", { "optionalDependencies": { "@biomejs/cli-darwin-arm64": "1.9.4", "@biomejs/cli-darwin-x64": "1.9.4", "@biomejs/cli-linux-arm64": "1.9.4", "@biomejs/cli-linux-arm64-musl": "1.9.4", "@biomejs/cli-linux-x64": "1.9.4", "@biomejs/cli-linux-x64-musl": "1.9.4", "@biomejs/cli-win32-arm64": "1.9.4", "@biomejs/cli-win32-x64": "1.9.4" }, "bin": { "biome": "bin/biome" } }, "sha512-1rkd7G70+o9KkTn5KLmDYXihGoTaIGO9PIIN2ZB7UJxFrWw04CZHPYiMRjYsaDvVV7hP1dYNRLxSANLaBFGpog=="],

    "@biomejs/cli-darwin-arm64": ["@biomejs/cli-darwin-arm64@1.9.4", "", { "os": "darwin", "cpu": "arm64" }, "sha512-bFBsPWrNvkdKrNCYeAp+xo2HecOGPAy9WyNyB/jKnnedgzl4W4Hb9ZMzYNbf8dMCGmUdSavlYHiR01QaYR58cw=="],

    "@biomejs/cli-darwin-x64": ["@biomejs/cli-darwin-x64@1.9.4", "", { "os": "darwin", "cpu": "x64" }, "sha512-ngYBh/+bEedqkSevPVhLP4QfVPCpb+4BBe2p7Xs32dBgs7rh9nY2AIYUL6BgLw1JVXV8GlpKmb/hNiuIxfPfZg=="],

    "@biomejs/cli-linux-arm64": ["@biomejs/cli-linux-arm64@1.9.4", "", { "os": "linux", "cpu": "arm64" }, "sha512-fJIW0+LYujdjUgJJuwesP4EjIBl/N/TcOX3IvIHJQNsAqvV2CHIogsmA94BPG6jZATS4Hi+xv4SkBBQSt1N4/g=="],

    "@biomejs/cli-linux-arm64-musl": ["@biomejs/cli-linux-arm64-musl@1.9.4", "", { "os": "linux", "cpu": "arm64" }, "sha512-v665Ct9WCRjGa8+kTr0CzApU0+XXtRgwmzIf1SeKSGAv+2scAlW6JR5PMFo6FzqqZ64Po79cKODKf3/AAmECqA=="],

    "@biomejs/cli-linux-x64": ["@biomejs/cli-linux-x64@1.9.4", "", { "os": "linux", "cpu": "x64" }, "sha512-lRCJv/Vi3Vlwmbd6K+oQ0KhLHMAysN8lXoCI7XeHlxaajk06u7G+UsFSO01NAs5iYuWKmVZjmiOzJ0OJmGsMwg=="],

    "@biomejs/cli-linux-x64-musl": ["@biomejs/cli-linux-x64-musl@1.9.4", "", { "os": "linux", "cpu": "x64" }, "sha512-gEhi/jSBhZ2m6wjV530Yy8+fNqG8PAinM3oV7CyO+6c3CEh16Eizm21uHVsyVBEB6RIM8JHIl6AGYCv6Q6Q9Tg=="],

    "@biomejs/cli-win32-arm64": ["@biomejs/cli-win32-arm64@1.9.4", "", { "os": "win32", "cpu": "arm64" }, "sha512-tlbhLk+WXZmgwoIKwHIHEBZUwxml7bRJgk0X2sPyNR3S93cdRq6XulAZRQJ17FYGGzWne0fgrXBKpl7l4M87Hg=="],

    "@biomejs/cli-win32-x64": ["@biomejs/cli-win32-x64@1.9.4", "", { "os": "win32", "cpu": "x64" }, "sha512-8Y5wMhVIPaWe6jw2H+KlEm4wP/f7EW3810ZLmDlrEEy5KvBsb9ECEfu/kMWD484ijfQ8+nIi0giMgu9g1UAuuA=="],

    "@cfcs/core": ["@cfcs/core@0.0.6", "", { "dependencies": { "@egjs/component": "^3.0.2" } }, "sha512-FxfJMwoLB8MEMConeXUCqtMGqxdtePQxRBOiGip9ULcYYam3WfCgoY6xdnMaSkYvRvmosp5iuG+TiPofm65+Pw=="],

    "@daybrush/utils": ["@daybrush/utils@1.13.0", "", {}, "sha512-ALK12C6SQNNHw1enXK+UO8bdyQ+jaWNQ1Af7Z3FNxeAwjYhQT7do+TRE4RASAJ3ObaS2+TJ7TXR3oz2Gzbw0PQ=="],

    "@egjs/agent": ["@egjs/agent@2.4.4", "", {}, "sha512-cvAPSlUILhBBOakn2krdPnOGv5hAZq92f1YHxYcfu0p7uarix2C6Ia3AVizpS1SGRZGiEkIS5E+IVTLg1I2Iog=="],

    "@egjs/children-differ": ["@egjs/children-differ@1.0.1", "", { "dependencies": { "@egjs/list-differ": "^1.0.0" } }, "sha512-DRvyqMf+CPCOzAopQKHtW+X8iN6Hy6SFol+/7zCUiE5y4P/OB8JP8FtU4NxtZwtafvSL4faD5KoQYPj3JHzPFQ=="],

    "@egjs/component": ["@egjs/component@3.0.5", "", {}, "sha512-cLcGizTrrUNA2EYE3MBmEDt2tQv1joVP1Q3oDisZ5nw0MZDx2kcgEXM+/kZpfa/PAkFvYVhRUZwytIQWoN3V/w=="],

    "@egjs/list-differ": ["@egjs/list-differ@1.0.1", "", {}, "sha512-OTFTDQcWS+1ZREOdCWuk5hCBgYO4OsD30lXcOCyVOAjXMhgL5rBRDnt/otb6Nz8CzU0L/igdcaQBDLWc4t9gvg=="],

    "@pdf-lib/standard-fonts": ["@pdf-lib/standard-fonts@1.0.0", "", { "dependencies": { "pako": "^1.0.6" } }, "sha512-hU30BK9IUN/su0Mn9VdlVKsWBS6GyhVfqjwl1FjZN4TxP6cCw0jP2w7V3Hf5uX7M0AZJ16vey9yE0ny7Sa59ZA=="],

    "@pdf-lib/upng": ["@pdf-lib/upng@1.0.1", "", { "dependencies": { "pako": "^1.0.10" } }, "sha512-dQK2FUMQtowVP00mtIksrlZhdFXQZPC+taih1q4CvPZ5vqdxR/LKBaFg0oAfzd1GlHZXXSPdQfzQnt+ViGvEIQ=="],

    "@scena/dragscroll": ["@scena/dragscroll@1.4.0", "", { "dependencies": { "@daybrush/utils": "^1.6.0", "@scena/event-emitter": "^1.0.2" } }, "sha512-3O8daaZD9VXA9CP3dra6xcgt/qrm0mg0xJCwiX6druCteQ9FFsXffkF8PrqxY4Z4VJ58fFKEa0RlKqbsi/XnRA=="],

    "@scena/event-emitter": ["@scena/event-emitter@1.0.5", "", { "dependencies": { "@daybrush/utils": "^1.1.1" } }, "sha512-AzY4OTb0+7ynefmWFQ6hxDdk0CySAq/D4efljfhtRHCOP7MBF9zUfhKG3TJiroVjASqVgkRJFdenS8ArZo6Olg=="],

    "@scena/matrix": ["@scena/matrix@1.1.1", "", { "dependencies": { "@daybrush/utils": "^1.4.0" } }, "sha512-JVKBhN0tm2Srl+Yt+Ywqu0oLgLcdemDQlD1OxmN9jaCTwaFPZ7tY8n6dhVgMEaR9qcR7r+kAlMXnSfNyYdE+Vg=="],

    "@types/bun": ["@types/bun@1.3.14", "", { "dependencies": { "bun-types": "1.3.14" } }, "sha512-h1hFqFVcvAvD9j9K7ZW7vd82aSA+rTdznZa+5bwvCwqSB1jmmfLcbIWhOLx1/+boy/xmjgCs/OMUL8hRJSmnPw=="],

    "@types/node": ["@types/node@25.9.3", "", { "dependencies": { "undici-types": ">=7.24.0 <7.24.7" } }, "sha512-603BddQMv3pUcr4U2dhujk83N2tTDVr/34wII2B6bJy6g+8WD6yUb11jszNs0gdi4PesVWl7ABt8nYMVpnLUcg=="],

    "bun-types": ["bun-types@1.3.14", "", { "dependencies": { "@types/node": "*" } }, "sha512-4N0ig0fEomHt5R0KCFWjovxow98rIoRwKolrYdCcknNwMekCXRnWEUvgu5soYV8QXtVsrUD8B95MBOZGPvr6KQ=="],

    "croact": ["croact@1.0.4", "", { "dependencies": { "@daybrush/utils": "^1.13.0", "@egjs/list-differ": "^1.0.0" } }, "sha512-9GhvyzTY/IVUrMQ2iz/mzgZ8+NcjczmIo/t4FkC1CU0CEcau6v6VsEih4jkTa4ZmRgYTF0qXEZLObCzdDFplpw=="],

    "croact-css-styled": ["croact-css-styled@1.1.9", "", { "dependencies": { "@daybrush/utils": "^1.13.0", "css-styled": "~1.0.8", "framework-utils": "^1.1.0" } }, "sha512-G7yvRiVJ3Eoj0ov2h2xR4312hpOzATay2dGS9clK8yJQothjH1sBXIyvOeRP5wBKD9mPcKcoUXPCPsl0tQog4w=="],

    "croact-moveable": ["croact-moveable@0.9.0", "", { "dependencies": { "@daybrush/utils": "^1.13.0", "@egjs/agent": "^2.2.1", "@egjs/children-differ": "^1.0.1", "@egjs/list-differ": "^1.0.0", "@scena/dragscroll": "^1.4.0", "@scena/event-emitter": "^1.0.5", "@scena/matrix": "^1.1.1", "croact-css-styled": "^1.1.9", "css-to-mat": "^1.1.1", "framework-utils": "^1.1.0", "gesto": "^1.19.3", "overlap-area": "^1.1.0", "react-css-styled": "^1.1.9", "react-moveable": "~0.56.0" }, "peerDependencies": { "croact": "^1.0.4" } }, "sha512-fc3bieV6CdqqZFtzsSLi9KmvUMFW3oakUfhPCls1BxKjOfUfn8rktteGED2341A/Qghy8tI3Hm6SdocIc68IKg=="],

    "css-styled": ["css-styled@1.0.8", "", { "dependencies": { "@daybrush/utils": "^1.13.0" } }, "sha512-tCpP7kLRI8dI95rCh3Syl7I+v7PP+2JYOzWkl0bUEoSbJM+u8ITbutjlQVf0NC2/g4ULROJPi16sfwDIO8/84g=="],

    "css-to-mat": ["css-to-mat@1.1.1", "", { "dependencies": { "@daybrush/utils": "^1.13.0", "@scena/matrix": "^1.0.0" } }, "sha512-kvpxFYZb27jRd2vium35G7q5XZ2WJ9rWjDUMNT36M3Hc41qCrLXFM5iEKMGXcrPsKfXEN+8l/riB4QzwwwiEyQ=="],

    "framework-utils": ["framework-utils@1.1.0", "", {}, "sha512-KAfqli5PwpFJ8o3psRNs8svpMGyCSAe8nmGcjQ0zZBWN2H6dZDnq+ABp3N3hdUmFeMrLtjOCTXD4yplUJIWceg=="],

    "fsevents": ["fsevents@2.3.2", "", { "os": "darwin" }, "sha512-xiqMQR4xAeHTuB9uWm+fFRcIOgKBMiOBP+eXiyT7jsgVCq1bkVygt00oASowB7EdtpOHaaPgKt812P9ab+DDKA=="],

    "gesto": ["gesto@1.19.4", "", { "dependencies": { "@daybrush/utils": "^1.13.0", "@scena/event-emitter": "^1.0.2" } }, "sha512-hfr/0dWwh0Bnbb88s3QVJd1ZRJeOWcgHPPwmiH6NnafDYvhTsxg+SLYu+q/oPNh9JS3V+nlr6fNs8kvPAtcRDQ=="],

    "hono": ["hono@4.12.25", "", {}, "sha512-2NFaIyNVgJmBs/ecmtGzlmluTFs5cHEWGTdu0t1HBwYzoGXOL5nUQBRMXsXWla5i4KkG//QMzVP88m1+I3fdAQ=="],

    "keycode": ["keycode@2.2.1", "", {}, "sha512-Rdgz9Hl9Iv4QKi8b0OlCRQEzp4AgVxyCtz5S/+VIHezDmrDhkp2N2TqBWOLz0/gbeREXOOiI9/4b8BY9uw2vFg=="],

    "keycon": ["keycon@1.4.0", "", { "dependencies": { "@cfcs/core": "^0.0.6", "@daybrush/utils": "^1.7.1", "@scena/event-emitter": "^1.0.2", "keycode": "^2.2.0" } }, "sha512-p1NAIxiRMH3jYfTeXRs2uWbVJ1WpEjpi8ktzUyBJsX7/wn2qu2VRXktneBLNtKNxJmlUYxRi9gOJt1DuthXR7A=="],

    "moveable": ["moveable@0.53.0", "", { "dependencies": { "@daybrush/utils": "^1.13.0", "@scena/event-emitter": "^1.0.5", "croact": "^1.0.4", "croact-moveable": "~0.9.0", "react-moveable": "~0.56.0" } }, "sha512-71jS9zIoQzMhnNvduhg4tUEdm23+fO/40FN7muVMbZvVwbTku2MIxxLhnU4qFvxI4oVxn75l79SbtgjuA+s7Pw=="],

    "overlap-area": ["overlap-area@1.1.0", "", { "dependencies": { "@daybrush/utils": "^1.7.1" } }, "sha512-3dlJgJCaVeXH0/eZjYVJvQiLVVrPO4U1ZGqlATtx6QGO3b5eNM6+JgUKa7oStBTdYuGTk7gVoABCW6Tp+dhRdw=="],

    "pako": ["pako@1.0.11", "", {}, "sha512-4hLB8Py4zZce5s4yd9XzopqwVv/yGNhV1Bl8NTmCq1763HeK2+EwVTv+leGeL13Dnh2wfbqowVPXCIO0z4taYw=="],

    "pdf-lib": ["pdf-lib@1.17.1", "", { "dependencies": { "@pdf-lib/standard-fonts": "^1.0.0", "@pdf-lib/upng": "^1.0.1", "pako": "^1.0.11", "tslib": "^1.11.1" } }, "sha512-V/mpyJAoTsN4cnP31vc0wfNA1+p20evqqnap0KLoRUN0Yk/p3wN52DOEsL4oBFcLdb76hlpKPtzJIgo67j/XLw=="],

    "playwright": ["playwright@1.60.0", "", { "dependencies": { "playwright-core": "1.60.0" }, "optionalDependencies": { "fsevents": "2.3.2" }, "bin": { "playwright": "cli.js" } }, "sha512-hheHdokM8cdqCb0lcE3s+zT4t4W+vvjpGxsZlDnikarzx8tSzMebh3UiFtgqwFwnTnjYQcsyMF8ei2mCO/tpeA=="],

    "playwright-core": ["playwright-core@1.60.0", "", { "bin": { "playwright-core": "cli.js" } }, "sha512-9bW6zvX/m0lEbgTKJ6YppOKx8H3VOPBMOCFh2irXFOT4BbHgrx5hPjwJYLT40Lu+4qtD36qKc/Hn56StUW57IA=="],

    "react-css-styled": ["react-css-styled@1.1.9", "", { "dependencies": { "css-styled": "~1.0.8", "framework-utils": "^1.1.0" } }, "sha512-M7fJZ3IWFaIHcZEkoFOnkjdiUFmwd8d+gTh2bpqMOcnxy/0Gsykw4dsL4QBiKsxcGow6tETUa4NAUcmJF+/nfw=="],

    "react-moveable": ["react-moveable@0.56.0", "", { "dependencies": { "@daybrush/utils": "^1.13.0", "@egjs/agent": "^2.2.1", "@egjs/children-differ": "^1.0.1", "@egjs/list-differ": "^1.0.0", "@scena/dragscroll": "^1.4.0", "@scena/event-emitter": "^1.0.5", "@scena/matrix": "^1.1.1", "css-to-mat": "^1.1.1", "framework-utils": "^1.1.0", "gesto": "^1.19.3", "overlap-area": "^1.1.0", "react-css-styled": "^1.1.9", "react-selecto": "^1.25.0" } }, "sha512-FmJNmIOsOA36mdxbrc/huiE4wuXSRlmon/o+/OrfNhSiYYYL0AV5oObtPluEhb2Yr/7EfYWBHTxF5aWAvjg1SA=="],

    "react-selecto": ["react-selecto@1.26.3", "", { "dependencies": { "selecto": "~1.26.3" } }, "sha512-Ubik7kWSnZyQEBNro+1k38hZaI1tJarE+5aD/qsqCOA1uUBSjgKVBy3EWRzGIbdmVex7DcxznFZLec/6KZNvwQ=="],

    "selecto": ["selecto@1.26.3", "", { "dependencies": { "@daybrush/utils": "^1.13.0", "@egjs/children-differ": "^1.0.1", "@scena/dragscroll": "^1.4.0", "@scena/event-emitter": "^1.0.5", "css-styled": "^1.0.8", "css-to-mat": "^1.1.1", "framework-utils": "^1.1.0", "gesto": "^1.19.4", "keycon": "^1.2.0", "overlap-area": "^1.1.0" } }, "sha512-gZHgqMy5uyB6/2YDjv3Qqaf7bd2hTDOpPdxXlrez4R3/L0GiEWDCFaUfrflomgqdb3SxHF2IXY0Jw0EamZi7cw=="],

    "tslib": ["tslib@1.14.1", "", {}, "sha512-Xni35NKzjgMrwevysHTCArtLDpPvye8zV/0E4EyYn43P7/7qvQwPh9BGkHewbMulVntbigmcT7rdX3BNo9wRJg=="],

    "typescript": ["typescript@5.9.3", "", { "bin": { "tsc": "bin/tsc", "tsserver": "bin/tsserver" } }, "sha512-jl1vZzPDinLr9eUt3J/t7V6FgNEw9QjvBPdysz9KfQDD41fQrC2Y4vKQdiaUpFT4bXlb1RHhLpp8wtm6M5TgSw=="],

    "undici-types": ["undici-types@7.24.6", "", {}, "sha512-WRNW+sJgj5OBN4/0JpHFqtqzhpbnV0GuB+OozA9gCL7a993SmU+1JBZCzLNxYsbMfIeDL+lTsphD5jN5N+n0zg=="],

    "zod": ["zod@4.4.3", "", {}, "sha512-ytENFjIJFl2UwYglde2jchW2Hwm4GJFLDiSXWdTrJQBIN9Fcyp7n4DhxJEiWNAJMV1/BqWfW/kkg71UDcHJyTQ=="],
  }
}
